// !$*UTF8*$!
{
	archiveVersion = 1;
	classes = {
	};
	objectVersion = 50;
	objects = {

/* Begin PBXBuildFile section */
		AD95DCB123051FFF0074A428 /* AppDelegate.swift in Sources */ = {isa = PBXBuildFile; fileRef = AD95DCB023051FFF0074A428 /* AppDelegate.swift */; };
		AD95DCB623051FFF0074A428 /* Main.storyboard in Resources */ = {isa = PBXBuildFile; fileRef = AD95DCB423051FFF0074A428 /* Main.storyboard */; };
		AD95DCB8230520080074A428 /* Assets.xcassets in Resources */ = {isa = PBXBuildFile; fileRef = AD95DCB7230520080074A428 /* Assets.xcassets */; };
		AD95DCBB230520080074A428 /* LaunchScreen.storyboard in Resources */ = {isa = PBXBuildFile; fileRef = AD95DCB9230520080074A428 /* LaunchScreen.storyboard */; };
		ADCC338B2305248C00ED1CCC /* GearController.swift in Sources */ = {isa = PBXBuildFile; fileRef = ADCC338A2305248C00ED1CCC /* GearController.swift */; };
		ADCC33902305269A00ED1CCC /* GearDetailController.swift in Sources */ = {isa = PBXBuildFile; fileRef = ADCC338F2305269A00ED1CCC /* GearDetailController.swift */; };
/* End PBXBuildFile section */

/* Begin PBXFileReference section */
		AD95DCAD23051FFF0074A428 /* SpCombine.app */ = {isa = PBXFileReference; explicitFileType = wrapper.application; includeInIndex = 0; path = SpCombine.app; sourceTree = BUILT_PRODUCTS_DIR; };
		AD95DCB023051FFF0074A428 /* AppDelegate.swift */ = {isa = PBXFileReference; lastKnownFileType = sourcecode.swift; path = AppDelegate.swift; sourceTree = "<group>"; };
		AD95DCB523051FFF0074A428 /* Base */ = {isa = PBXFileReference; lastKnownFileType = file.storyboard; name = Base; path = Base.lproj/Main.storyboard; sourceTree = "<group>"; };
		AD95DCB7230520080074A428 /* Assets.xcassets */ = {isa = PBXFileReference; lastKnownFileType = folder.assetcatalog; path = Assets.xcassets; sourceTree = "<group>"; };
		AD95DCBA230520080074A428 /* Base */ = {isa = PBXFileReference; lastKnownFileType = file.storyboard; name = Base; path = Base.lproj/LaunchScreen.storyboard; sourceTree = "<group>"; };
		AD95DCBC230520080074A428 /* Info.plist */ = {isa = PBXFileReference; lastKnownFileType = text.plist.xml; path = Info.plist; sourceTree = "<group>"; };
		ADCC338A2305248C00ED1CCC /* GearController.swift */ = {isa = PBXFileReference; lastKnownFileType = sourcecode.swift; path = GearController.swift; sourceTree = "<group>"; };
		ADCC338F2305269A00ED1CCC /* GearDetailController.swift */ = {isa = PBXFileReference; lastKnownFileType = sourcecode.swift; path = GearDetailController.swift; sourceTree = "<group>"; };
/* End PBXFileReference section */

/* Begin PBXFrameworksBuildPhase section */
		AD95DCAA23051FFF0074A428 /* Frameworks */ = {
			isa = PBXFrameworksBuildPhase;
			buildActionMask = 2147483647;
			files = (
			);
			runOnlyForDeploymentPostprocessing = 0;
		};
/* End PBXFrameworksBuildPhase section */

/* Begin PBXGroup section */
		AD95DCA423051FFF0074A428 = {
			isa = PBXGroup;
			children = (
				AD95DCAF23051FFF0074A428 /* SpCombine */,
				AD95DCAE23051FFF0074A428 /* Products */,
			);
			sourceTree = "<group>";
		};
		AD95DCAE23051FFF0074A428 /* Products */ = {
			isa = PBXGroup;
			children = (
				AD95DCAD23051FFF0074A428 /* SpCombine.app */,
			);
			name = Products;
			sourceTree = "<group>";
		};
		AD95DCAF23051FFF0074A428 /* SpCombine */ = {
			isa = PBXGroup;
			children = (
				AD95DCB023051FFF0074A428 /* AppDelegate.swift */,
				ADCC338D230524BF00ED1CCC /* Controller */,
				ADCC338C230524AC00ED1CCC /* Storyboard */,
				ADCC338E230524CF00ED1CCC /* Supporting Files */,
			);
			path = SpCombine;
			sourceTree = "<group>";
		};
		ADCC338C230524AC00ED1CCC /* Storyboard */ = {
			isa = PBXGroup;
			children = (
				AD95DCB423051FFF0074A428 /* Main.storyboard */,
				AD95DCB9230520080074A428 /* LaunchScreen.storyboard */,
			);
			path = Storyboard;
			sourceTree = "<group>";
		};
		ADCC338D230524BF00ED1CCC /* Controller */ = {
			isa = PBXGroup;
			children = (
				ADCC338A2305248C00ED1CCC /* GearController.swift */,
				ADCC338F2305269A00ED1CCC /* GearDetailController.swift */,
			);
			path = Controller;
			sourceTree = "<group>";
		};
		ADCC338E230524CF00ED1CCC /* Supporting Files */ = {
			isa = PBXGroup;
			children = (
				AD95DCB7230520080074A428 /* Assets.xcassets */,
				AD95DCBC230520080074A428 /* Info.plist */,
			);
			path = "Supporting Files";
			sourceTree = "<group>";
		};
/* End PBXGroup section */

/* Begin PBXNativeTarget section */
		AD95DCAC23051FFF0074A428 /* SpCombine */ = {
			isa = PBXNativeTarget;
			buildConfigurationList = AD95DCBF230520080074A428 /* Build configuration list for PBXNativeTarget "SpCombine" */;
			buildPhases = (
				AD95DCA923051FFF0074A428 /* Sources */,
				AD95DCAA23051FFF0074A428 /* Frameworks */,
				AD95DCAB23051FFF0074A428 /* Resources */,
			);
			buildRules = (
			);
			dependencies = (
			);
			name = SpCombine;
			productName = SpCombine;
			productReference = AD95DCAD23051FFF0074A428 /* SpCombine.app */;
			productType = "com.apple.product-type.application";
		};
/* End PBXNativeTarget section */

/* Begin PBXProject section */
		AD95DCA523051FFF0074A428 /* Project object */ = {
			isa = PBXProject;
			attributes = {
				LastSwiftUpdateCheck = 1010;
				LastUpgradeCheck = 1010;
				ORGANIZATIONNAME = "Jason Sanchez";
				TargetAttributes = {
					AD95DCAC23051FFF0074A428 = {
						CreatedOnToolsVersion = 10.1;
					};
				};
			};
			buildConfigurationList = AD95DCA823051FFF0074A428 /* Build configuration list for PBXProject "SpCombine" */;
			compatibilityVersion = "Xcode 9.3";
			developmentRegion = en;
			hasScannedForEncodings = 0;
			knownRegions = (
				en,
				Base,
			);
			mainGroup = AD95DCA423051FFF0074A428;
			productRefGroup = AD95DCAE23051FFF0074A428 /* Products */;
			projectDirPath = "";
			projectRoot = "";
			targets = (
				AD95DCAC23051FFF0074A428 /* SpCombine */,
			);
		};
/* End PBXProject section */

/* Begin PBXResourcesBuildPhase section */
		AD95DCAB23051FFF0074A428 /* Resources */ = {
			isa = PBXResourcesBuildPhase;
			buildActionMask = 2147483647;
			files = (
				AD95DCBB230520080074A428 /* LaunchScreen.storyboard in Resources */,
				AD95DCB8230520080074A428 /* Assets.xcassets in Resources */,
				AD95DCB623051FFF0074A428 /* Main.storyboard in Resources */,
			);
			runOnlyForDeploymentPostprocessing = 0;
		};
/* End PBXResourcesBuildPhase section */

/* Begin PBXSourcesBuildPhase section */
		AD95DCA923051FFF0074A428 /* Sources */ = {
			isa = PBXSourcesBuildPhase;
			buildActionMask = 2147483647;
			files = (
				ADCC338B2305248C00ED1CCC /* GearController.swift in Sources */,
				AD95DCB123051FFF0074A428 /* AppDelegate.swift in Sources */,
				ADCC33902305269A00ED1CCC /* GearDetailController.swift in Sources */,
			);
			runOnlyForDeploymentPostprocessing = 0;
		};
/* End PBXSourcesBuildPhase section */

/* Begin PBXVariantGroup section */
		AD95DCB423051FFF0074A428 /* Main.storyboard */ = {
			isa = PBXVariantGroup;
			children = (
				AD95DCB523051FFF0074A428 /* Base */,
			);
			name = Main.storyboard;
			sourceTree = "<group>";
		};
		AD95DCB9230520080074A428 /* LaunchScreen.storyboard */ = {
			isa = PBXVariantGroup;
			children = (
				AD95DCBA230520080074A428 /* Base */,
			);
			name = LaunchScreen.storyboard;
			sourceTree = "<group>";
		};
/* End PBXVariantGroup section */

/* Begin XCBuildConfiguration section */
		AD95DCBD230520080074A428 /* Debug */ = {
			isa = XCBuildConfiguration;
			buildSettings = {
				ALWAYS_SEARCH_USER_PATHS = NO;
				CLANG_ANALYZER_NONNULL = YES;
				CLANG_ANALYZER_NUMBER_OBJECT_CONVERSION = YES_AGGRESSIVE;
				CLANG_CXX_LANGUAGE_STANDARD = "gnu++14";
				CLANG_CXX_LIBRARY = "libc++";
				CLANG_ENABLE_MODULES = YES;
				CLANG_ENABLE_OBJC_ARC = YES;
				CLANG_ENABLE_OBJC_WEAK = YES;
				CLANG_WARN_BLOCK_CAPTURE_AUTORELEASING = YES;
				CLANG_WARN_BOOL_CONVERSION = YES;
				CLANG_WARN_COMMA = YES;
				CLANG_WARN_CONSTANT_CONVERSION = YES;
				CLANG_WARN_DEPRECATED_OBJC_IMPLEMENTATIONS = YES;
				CLANG_WARN_DIRECT_OBJC_ISA_USAGE = YES_ERROR;
				CLANG_WARN_DOCUMENTATION_COMMENTS = YES;
				CLANG_WARN_EMPTY_BODY = YES;
				CLANG_WARN_ENUM_CONVERSION = YES;
				CLANG_WARN_INFINITE_RECURSION = YES;
				CLANG_WARN_INT_CONVERSION = YES;
				CLANG_WARN_NON_LITERAL_NULL_CONVERSION = YES;
				CLANG_WARN_OBJC_IMPLICIT_RETAIN_SELF = YES;
				CLANG_WARN_OBJC_LITERAL_CONVERSION = YES;
				CLANG_WARN_OBJC_ROOT_CLASS = YES_ERROR;
				CLANG_WARN_RANGE_LOOP_ANALYSIS = YES;
				CLANG_WARN_STRICT_PROTOTYPES = YES;
				CLANG_WARN_SUSPICIOUS_MOVE = YES;
				CLANG_WARN_UNGUARDED_AVAILABILITY = YES_AGGRESSIVE;
				CLANG_WARN_UNREACHABLE_CODE = YES;
				CLANG_WARN__DUPLICATE_METHOD_MATCH = YES;
				CODE_SIGN_IDENTITY = "iPhone Developer";
				COPY_PHASE_STRIP = NO;
				DEBUG_INFORMATION_FORMAT = dwarf;
				ENABLE_STRICT_OBJC_MSGSEND = YES;
				ENABLE_TESTABILITY = YES;
				GCC_C_LANGUAGE_STANDARD = gnu11;
				GCC_DYNAMIC_NO_PIC = NO;
				GCC_NO_COMMON_BLOCKS = YES;
				GCC_OPTIMIZATION_LEVEL = 0;
				GCC_PREPROCESSOR_DEFINITIONS = (
					"DEBUG=1",
					"$(inherited)",
				);
				GCC_WARN_64_TO_32_BIT_CONVERSION = YES;
				GCC_WARN_ABOUT_RETURN_TYPE = YES_ERROR;
				GCC_WARN_UNDECLARED_SELECTOR = YES;
				GCC_WARN_UNINITIALIZED_AUTOS = YES_AGGRESSIVE;
				GCC_WARN_UNUSED_FUNCTION = YES;
				GCC_WARN_UNUSED_VARIABLE = YES;
				IPHONEOS_DEPLOYMENT_TARGET = 12.1;
				MTL_ENABLE_DEBUG_INFO = INCLUDE_SOURCE;
				MTL_FAST_MATH = YES;
				ONLY_ACTIVE_ARCH = YES;
				SDKROOT = iphoneos;
				SWIFT_ACTIVE_COMPILATION_CONDITIONS = DEBUG;
				SWIFT_OPTIMIZATION_LEVEL = "-Onone";
			};
			name = Debug;
		};
		AD95DCBE230520080074A428 /* Release */ = {
			isa = XCBuildConfiguration;
			buildSettings = {
				ALWAYS_SEARCH_USER_PATHS = NO;
				CLANG_ANALYZER_NONNULL = YES;
				CLANG_ANALYZER_NUMBER_OBJECT_CONVERSION = YES_AGGRESSIVE;
				CLANG_CXX_LANGUAGE_STANDARD = "gnu++14";
				CLANG_CXX_LIBRARY = "libc++";
				CLANG_ENABLE_MODULES = YES;
				CLANG_ENABLE_OBJC_ARC = YES;
				CLANG_ENABLE_OBJC_WEAK = YES;
				CLANG_WARN_BLOCK_CAPTURE_AUTORELEASING = YES;
				CLANG_WARN_BOOL_CONVERSION = YES;
				CLANG_WARN_COMMA = YES;
				CLANG_WARN_CONSTANT_CONVERSION = YES;
				CLANG_WARN_DEPRECATED_OBJC_IMPLEMENTATIONS = YES;
				CLANG_WARN_DIRECT_OBJC_ISA_USAGE = YES_ERROR;
				CLANG_WARN_DOCUMENTATION_COMMENTS = YES;
				CLANG_WARN_EMPTY_BODY = YES;
				CLANG_WARN_ENUM_CONVERSION = YES;
				CLANG_WARN_INFINITE_RECURSION = YES;
				CLANG_WARN_INT_CONVERSION = YES;
				CLANG_WARN_NON_LITERAL_NULL_CONVERSION = YES;
				CLANG_WARN_OBJC_IMPLICIT_RETAIN_SELF = YES;
				CLANG_WARN_OBJC_LITERAL_CONVERSION = YES;
				CLANG_WARN_OBJC_ROOT_CLASS = YES_ERROR;
				CLANG_WARN_RANGE_LOOP_ANALYSIS = YES;
				CLANG_WARN_STRICT_PROTOTYPES = YES;
				CLANG_WARN_SUSPICIOUS_MOVE = YES;
				CLANG_WARN_UNGUARDED_AVAILABILITY = YES_AGGRESSIVE;
				CLANG_WARN_UNREACHABLE_CODE = YES;
				CLANG_WARN__DUPLICATE_METHOD_MATCH = YES;
				CODE_SIGN_IDENTITY = "iPhone Developer";
				COPY_PHASE_STRIP = NO;
				DEBUG_INFORMATION_FORMAT = "dwarf-with-dsym";
				ENABLE_NS_ASSERTIONS = NO;
				ENABLE_STRICT_OBJC_MSGSEND = YES;
				GCC_C_LANGUAGE_STANDARD = gnu11;
				GCC_NO_COMMON_BLOCKS = YES;
				GCC_WARN_64_TO_32_BIT_CONVERSION = YES;
				GCC_WARN_ABOUT_RETURN_TYPE = YES_ERROR;
				GCC_WARN_UNDECLARED_SELECTOR = YES;
				GCC_WARN_UNINITIALIZED_AUTOS = YES_AGGRESSIVE;
				GCC_WARN_UNUSED_FUNCTION = YES;
				GCC_WARN_UNUSED_VARIABLE = YES;
				IPHONEOS_DEPLOYMENT_TARGET = 12.1;
				MTL_ENABLE_DEBUG_INFO = NO;
				MTL_FAST_MATH = YES;
				SDKROOT = iphoneos;
				SWIFT_COMPILATION_MODE = wholemodule;
				SWIFT_OPTIMIZATION_LEVEL = "-O";
				VALIDATE_PRODUCT = YES;
			};
			name = Release;
		};
		AD95DCC0230520080074A428 /* Debug */ = {
			isa = XCBuildConfiguration;
			buildSettings = {
				ASSETCATALOG_COMPILER_APPICON_NAME = AppIcon;
				CODE_SIGN_STYLE = Automatic;
				DEVELOPMENT_TEAM = 7QLQZLZHA6;
				INFOPLIST_FILE = SpCombine/Info.plist;
				LD_RUNPATH_SEARCH_PATHS = (
					"$(inherited)",
					"@executable_path/Frameworks",
				);
				PRODUCT_BUNDLE_IDENTIFIER = TRVL.SpCombine;
				PRODUCT_NAME = "$(TARGET_NAME)";
				SWIFT_VERSION = 4.2;
				TARGETED_DEVICE_FAMILY = "1,2";
			};
			name = Debug;
		};
		AD95DCC1230520080074A428 /* Release */ = {
			isa = XCBuildConfiguration;
			buildSettings = {
				ASSETCATALOG_COMPILER_APPICON_NAME = AppIcon;
				CODE_SIGN_STYLE = Automatic;
				DEVELOPMENT_TEAM = 7QLQZLZHA6;
				INFOPLIST_FILE = SpCombine/Info.plist;
				LD_RUNPATH_SEARCH_PATHS = (
					"$(inherited)",
					"@executable_path/Frameworks",
				);
				PRODUCT_BUNDLE_IDENTIFIER = TRVL.SpCombine;
				PRODUCT_NAME = "$(TARGET_NAME)";
				SWIFT_VERSION = 4.2;
				TARGETED_DEVICE_FAMILY = "1,2";
			};
			name = Release;
		};
/* End XCBuildConfiguration section */

/* Begin XCConfigurationList section */
		AD95DCA823051FFF0074A428 /* Build configuration list for PBXProject "SpCombine" */ = {
			isa = XCConfigurationList;
			buildConfigurations = (
				AD95DCBD230520080074A428 /* Debug */,
				AD95DCBE230520080074A428 /* Release */,
			);
			defaultConfigurationIsVisible = 0;
			defaultConfigurationName = Release;
		};
		AD95DCBF230520080074A428 /* Build configuration list for PBXNativeTarget "SpCombine" */ = {
			isa = XCConfigurationList;
			buildConfigurations = (
				AD95DCC0230520080074A428 /* Debug */,
				AD95DCC1230520080074A428 /* Release */,
			);
			defaultConfigurationIsVisible = 0;
			defaultConfigurationName = Release;
		};
/* End XCConfigurationList section */
	};
	rootObject = AD95DCA523051FFF0074A428 /* Project object */;
}
